
Microsoft Visual Studio Solution File, Format Version 12.00
# Visual Studio Version 17
VisualStudioVersion = 17.0.31903.59
MinimumVisualStudioVersion = 10.0.40219.1
Project("{FAE04EC0-301F-11D3-BF4B-00C04F79EFBC}") = "ECommerceApp.Core", "ECommerceApp.Core\ECommerceApp.Core.csproj", "{579F2E02-86D2-482A-8669-9A0945B806B8}"
EndProject
Project("{FAE04EC0-301F-11D3-BF4B-00C04F79EFBC}") = "ECommerceApp.Data", "ECommerceApp.Data\ECommerceApp.Data.csproj", "{7D6F9019-9FFA-406C-8107-B136C572322A}"
EndProject
Project("{FAE04EC0-301F-11D3-BF4B-00C04F79EFBC}") = "ECommerceApp.Tests", "ECommerceApp.Tests\ECommerceApp.Tests.csproj", "{FA0BE063-1BF8-47D9-95E5-8ED7F0F2D232}"
EndProject
Global
	GlobalSection(SolutionConfigurationPlatforms) = preSolution
		Debug|Any CPU = Debug|Any CPU
		Debug|x64 = Debug|x64
		Debug|x86 = Debug|x86
		Release|Any CPU = Release|Any CPU
		Release|x64 = Release|x64
		Release|x86 = Release|x86
	EndGlobalSection
	GlobalSection(ProjectConfigurationPlatforms) = postSolution
		{579F2E02-86D2-482A-8669-9A0945B806B8}.Debug|Any CPU.ActiveCfg = Debug|Any CPU
		{579F2E02-86D2-482A-8669-9A0945B806B8}.Debug|Any CPU.Build.0 = Debug|Any CPU
		{579F2E02-86D2-482A-8669-9A0945B806B8}.Debug|x64.ActiveCfg = Debug|Any CPU
		{579F2E02-86D2-482A-8669-9A0945B806B8}.Debug|x64.Build.0 = Debug|Any CPU
		{579F2E02-86D2-482A-8669-9A0945B806B8}.Debug|x86.ActiveCfg = Debug|Any CPU
		{579F2E02-86D2-482A-8669-9A0945B806B8}.Debug|x86.Build.0 = Debug|Any CPU
		{579F2E02-86D2-482A-8669-9A0945B806B8}.Release|Any CPU.ActiveCfg = Release|Any CPU
		{579F2E02-86D2-482A-8669-9A0945B806B8}.Release|Any CPU.Build.0 = Release|Any CPU
		{579F2E02-86D2-482A-8669-9A0945B806B8}.Release|x64.ActiveCfg = Release|Any CPU
		{579F2E02-86D2-482A-8669-9A0945B806B8}.Release|x64.Build.0 = Release|Any CPU
		{579F2E02-86D2-482A-8669-9A0945B806B8}.Release|x86.ActiveCfg = Release|Any CPU
		{579F2E02-86D2-482A-8669-9A0945B806B8}.Release|x86.Build.0 = Release|Any CPU
		{7D6F9019-9FFA-406C-8107-B136C572322A}.Debug|Any CPU.ActiveCfg = Debug|Any CPU
		{7D6F9019-9FFA-406C-8107-B136C572322A}.Debug|Any CPU.Build.0 = Debug|Any CPU
		{7D6F9019-9FFA-406C-8107-B136C572322A}.Debug|x64.ActiveCfg = Debug|Any CPU
		{7D6F9019-9FFA-406C-8107-B136C572322A}.Debug|x64.Build.0 = Debug|Any CPU
		{7D6F9019-9FFA-406C-8107-B136C572322A}.Debug|x86.ActiveCfg = Debug|Any CPU
		{7D6F9019-9FFA-406C-8107-B136C572322A}.Debug|x86.Build.0 = Debug|Any CPU
		{7D6F9019-9FFA-406C-8107-B136C572322A}.Release|Any CPU.ActiveCfg = Release|Any CPU
		{7D6F9019-9FFA-406C-8107-B136C572322A}.Release|Any CPU.Build.0 = Release|Any CPU
		{7D6F9019-9FFA-406C-8107-B136C572322A}.Release|x64.ActiveCfg = Release|Any CPU
		{7D6F9019-9FFA-406C-8107-B136C572322A}.Release|x64.Build.0 = Release|Any CPU
		{7D6F9019-9FFA-406C-8107-B136C572322A}.Release|x86.ActiveCfg = Release|Any CPU
		{7D6F9019-9FFA-406C-8107-B136C572322A}.Release|x86.Build.0 = Release|Any CPU
		{FA0BE063-1BF8-47D9-95E5-8ED7F0F2D232}.Debug|Any CPU.ActiveCfg = Debug|Any CPU
		{FA0BE063-1BF8-47D9-95E5-8ED7F0F2D232}.Debug|Any CPU.Build.0 = Debug|Any CPU
		{FA0BE063-1BF8-47D9-95E5-8ED7F0F2D232}.Debug|x64.ActiveCfg = Debug|Any CPU
		{FA0BE063-1BF8-47D9-95E5-8ED7F0F2D232}.Debug|x64.Build.0 = Debug|Any CPU
		{FA0BE063-1BF8-47D9-95E5-8ED7F0F2D232}.Debug|x86.ActiveCfg = Debug|Any CPU
		{FA0BE063-1BF8-47D9-95E5-8ED7F0F2D232}.Debug|x86.Build.0 = Debug|Any CPU
		{FA0BE063-1BF8-47D9-95E5-8ED7F0F2D232}.Release|Any CPU.ActiveCfg = Release|Any CPU
		{FA0BE063-1BF8-47D9-95E5-8ED7F0F2D232}.Release|Any CPU.Build.0 = Release|Any CPU
		{FA0BE063-1BF8-47D9-95E5-8ED7F0F2D232}.Release|x64.ActiveCfg = Release|Any CPU
		{FA0BE063-1BF8-47D9-95E5-8ED7F0F2D232}.Release|x64.Build.0 = Release|Any CPU
		{FA0BE063-1BF8-47D9-95E5-8ED7F0F2D232}.Release|x86.ActiveCfg = Release|Any CPU
		{FA0BE063-1BF8-47D9-95E5-8ED7F0F2D232}.Release|x86.Build.0 = Release|Any CPU
	EndGlobalSection
	GlobalSection(SolutionProperties) = preSolution
		HideSolutionNode = FALSE
	EndGlobalSection
EndGlobal
